
Microsoft Visual Studio Solution File, Format Version 12.00
# Visual Studio Version 17
VisualStudioVersion = 17.8.34525.116
MinimumVisualStudioVersion = 10.0.40219.1
Project("{9A19103F-16F7-4668-BE54-9A1E7A4F7556}") = "WareHouse2.0", "WareHouse2.0\WareHouse2.0.csproj", "{16DF17A3-4F59-4185-B7BB-52E95835C610}"
EndProject
Global
	GlobalSection(SolutionConfigurationPlatforms) = preSolution
		Debug|Any CPU = Debug|Any CPU
		Release|Any CPU = Release|Any CPU
	EndGlobalSection
	GlobalSection(ProjectConfigurationPlatforms) = postSolution
		{16DF17A3-4F59-4185-B7BB-52E95835C610}.Debug|Any CPU.ActiveCfg = Debug|Any CPU
		{16DF17A3-4F59-4185-B7BB-52E95835C610}.Debug|Any CPU.Build.0 = Debug|Any CPU
		{16DF17A3-4F59-4185-B7BB-52E95835C610}.Release|Any CPU.ActiveCfg = Release|Any CPU
		{16DF17A3-4F59-4185-B7BB-52E95835C610}.Release|Any CPU.Build.0 = Release|Any CPU
	EndGlobalSection
	GlobalSection(SolutionProperties) = preSolution
		HideSolutionNode = FALSE
	EndGlobalSection
	GlobalSection(ExtensibilityGlobals) = postSolution
		SolutionGuid = {729149B6-78B4-4263-BD7F-09489A9C0BAC}
	EndGlobalSection
EndGlobal
